
Microsoft Visual Studio Solution File, Format Version 12.00
# Visual Studio Version 16
VisualStudioVersion = 16.0.29806.167
MinimumVisualStudioVersion = 10.0.40219.1
Project("{FAE04EC0-301F-11D3-BF4B-00C04F79EFBC}") = "Exersise11_838", "Exersise11_838\Exersise11_838.csproj", "{5DC1A960-465B-4F2D-AB17-FF8EBA72F0EC}"
EndProject
Global
	GlobalSection(SolutionConfigurationPlatforms) = preSolution
		Debug|Any CPU = Debug|Any CPU
		Release|Any CPU = Release|Any CPU
	EndGlobalSection
	GlobalSection(ProjectConfigurationPlatforms) = postSolution
		{5DC1A960-465B-4F2D-AB17-FF8EBA72F0EC}.Debug|Any CPU.ActiveCfg = Debug|Any CPU
		{5DC1A960-465B-4F2D-AB17-FF8EBA72F0EC}.Debug|Any CPU.Build.0 = Debug|Any CPU
		{5DC1A960-465B-4F2D-AB17-FF8EBA72F0EC}.Release|Any CPU.ActiveCfg = Release|Any CPU
		{5DC1A960-465B-4F2D-AB17-FF8EBA72F0EC}.Release|Any CPU.Build.0 = Release|Any CPU
	EndGlobalSection
	GlobalSection(SolutionProperties) = preSolution
		HideSolutionNode = FALSE
	EndGlobalSection
	GlobalSection(ExtensibilityGlobals) = postSolution
		SolutionGuid = {973EC25F-4A79-4053-95FA-89BB46B18ACA}
	EndGlobalSection
EndGlobal
